
Microsoft Visual Studio Solution File, Format Version 12.00
# Visual Studio Version 16
VisualStudioVersion = 16.0.30225.117
MinimumVisualStudioVersion = 10.0.40219.1
Project("{FAE04EC0-301F-11D3-BF4B-00C04F79EFBC}") = "MainCorreo", "TP4\MainCorreo.csproj", "{36E1CEEE-6B8D-4BDF-A1AA-4F0929A452A3}"
EndProject
Project("{FAE04EC0-301F-11D3-BF4B-00C04F79EFBC}") = "Entidades", "Entidades\Entidades.csproj", "{AD7F8F97-E2A7-4036-9170-19DED231AF6F}"
EndProject
Project("{FAE04EC0-301F-11D3-BF4B-00C04F79EFBC}") = "TestUnitarios", "TestUnitarios\TestUnitarios.csproj", "{174BAB04-4106-4517-ACA2-1767287F6E06}"
EndProject
Global
	GlobalSection(SolutionConfigurationPlatforms) = preSolution
		Debug|Any CPU = Debug|Any CPU
		Release|Any CPU = Release|Any CPU
	EndGlobalSection
	GlobalSection(ProjectConfigurationPlatforms) = postSolution
		{36E1CEEE-6B8D-4BDF-A1AA-4F0929A452A3}.Debug|Any CPU.ActiveCfg = Debug|Any CPU
		{36E1CEEE-6B8D-4BDF-A1AA-4F0929A452A3}.Debug|Any CPU.Build.0 = Debug|Any CPU
		{36E1CEEE-6B8D-4BDF-A1AA-4F0929A452A3}.Release|Any CPU.ActiveCfg = Release|Any CPU
		{36E1CEEE-6B8D-4BDF-A1AA-4F0929A452A3}.Release|Any CPU.Build.0 = Release|Any CPU
		{AD7F8F97-E2A7-4036-9170-19DED231AF6F}.Debug|Any CPU.ActiveCfg = Debug|Any CPU
		{AD7F8F97-E2A7-4036-9170-19DED231AF6F}.Debug|Any CPU.Build.0 = Debug|Any CPU
		{AD7F8F97-E2A7-4036-9170-19DED231AF6F}.Release|Any CPU.ActiveCfg = Release|Any CPU
		{AD7F8F97-E2A7-4036-9170-19DED231AF6F}.Release|Any CPU.Build.0 = Release|Any CPU
		{174BAB04-4106-4517-ACA2-1767287F6E06}.Debug|Any CPU.ActiveCfg = Debug|Any CPU
		{174BAB04-4106-4517-ACA2-1767287F6E06}.Debug|Any CPU.Build.0 = Debug|Any CPU
		{174BAB04-4106-4517-ACA2-1767287F6E06}.Release|Any CPU.ActiveCfg = Release|Any CPU
		{174BAB04-4106-4517-ACA2-1767287F6E06}.Release|Any CPU.Build.0 = Release|Any CPU
	EndGlobalSection
	GlobalSection(SolutionProperties) = preSolution
		HideSolutionNode = FALSE
	EndGlobalSection
	GlobalSection(ExtensibilityGlobals) = postSolution
		SolutionGuid = {CF4C76A0-5A24-4EB2-935F-D35EE8C080A4}
	EndGlobalSection
EndGlobal
